
Microsoft Visual Studio Solution File, Format Version 12.00
# Visual Studio Version 17
VisualStudioVersion = 17.4.33213.308
MinimumVisualStudioVersion = 10.0.40219.1
Project("{9A19103F-16F7-4668-BE54-9A1E7A4F7556}") = "MLDev.LOTOW", "MLDev.LOTOW\MLDev.LOTOW.csproj", "{EAAF7C6E-C4C8-45AD-B5A5-6A187DE0202C}"
EndProject
Project("{FAE04EC0-301F-11D3-BF4B-00C04F79EFBC}") = "MLDev.LOTOW.Tests", "MLDev.LOTOW.Tests\MLDev.LOTOW.Tests.csproj", "{FCF8AE6C-B5DE-4094-982D-4F1E0D9571D1}"
EndProject
Global
	GlobalSection(SolutionConfigurationPlatforms) = preSolution
		Debug|Any CPU = Debug|Any CPU
		Release|Any CPU = Release|Any CPU
	EndGlobalSection
	GlobalSection(ProjectConfigurationPlatforms) = postSolution
		{EAAF7C6E-C4C8-45AD-B5A5-6A187DE0202C}.Debug|Any CPU.ActiveCfg = Debug|Any CPU
		{EAAF7C6E-C4C8-45AD-B5A5-6A187DE0202C}.Debug|Any CPU.Build.0 = Debug|Any CPU
		{EAAF7C6E-C4C8-45AD-B5A5-6A187DE0202C}.Release|Any CPU.ActiveCfg = Release|Any CPU
		{EAAF7C6E-C4C8-45AD-B5A5-6A187DE0202C}.Release|Any CPU.Build.0 = Release|Any CPU
		{FCF8AE6C-B5DE-4094-982D-4F1E0D9571D1}.Debug|Any CPU.ActiveCfg = Debug|Any CPU
		{FCF8AE6C-B5DE-4094-982D-4F1E0D9571D1}.Debug|Any CPU.Build.0 = Debug|Any CPU
		{FCF8AE6C-B5DE-4094-982D-4F1E0D9571D1}.Release|Any CPU.ActiveCfg = Release|Any CPU
		{FCF8AE6C-B5DE-4094-982D-4F1E0D9571D1}.Release|Any CPU.Build.0 = Release|Any CPU
	EndGlobalSection
	GlobalSection(SolutionProperties) = preSolution
		HideSolutionNode = FALSE
	EndGlobalSection
	GlobalSection(ExtensibilityGlobals) = postSolution
		SolutionGuid = {BBF3D1CC-DF96-404B-B644-6670EA68F037}
	EndGlobalSection
EndGlobal
